
Microsoft Visual Studio Solution File, Format Version 12.00
# Visual Studio 15
VisualStudioVersion = 15.0.28307.106
MinimumVisualStudioVersion = 10.0.40219.1
Project("{FAE04EC0-301F-11D3-BF4B-00C04F79EFBC}") = "Calculator", "Calculator\Calculator.csproj", "{B4CB2E0C-6E75-492F-A36C-D8397A660EEB}"
EndProject
Global
	GlobalSection(SolutionConfigurationPlatforms) = preSolution
		Debug|Any CPU = Debug|Any CPU
		Release|Any CPU = Release|Any CPU
	EndGlobalSection
	GlobalSection(ProjectConfigurationPlatforms) = postSolution
		{B4CB2E0C-6E75-492F-A36C-D8397A660EEB}.Debug|Any CPU.ActiveCfg = Debug|Any CPU
		{B4CB2E0C-6E75-492F-A36C-D8397A660EEB}.Debug|Any CPU.Build.0 = Debug|Any CPU
		{B4CB2E0C-6E75-492F-A36C-D8397A660EEB}.Release|Any CPU.ActiveCfg = Release|Any CPU
		{B4CB2E0C-6E75-492F-A36C-D8397A660EEB}.Release|Any CPU.Build.0 = Release|Any CPU
	EndGlobalSection
	GlobalSection(SolutionProperties) = preSolution
		HideSolutionNode = FALSE
	EndGlobalSection
	GlobalSection(ExtensibilityGlobals) = postSolution
		SolutionGuid = {1E7E2070-4EBF-4169-9D75-CA9A33048CE6}
	EndGlobalSection
EndGlobal
